// !$*UTF8*$!
{
	archiveVersion = 1;
	classes = {
	};
	objectVersion = 50;
	objects = {

/* Begin PBXBuildFile section */
		D610435D259B101B0085910C /* AppDelegate.swift in Sources */ = {isa = PBXBuildFile; fileRef = D610435C259B101B0085910C /* AppDelegate.swift */; };
		D610435F259B101B0085910C /* SceneDelegate.swift in Sources */ = {isa = PBXBuildFile; fileRef = D610435E259B101B0085910C /* SceneDelegate.swift */; };
		D6104361259B101B0085910C /* ViewController.swift in Sources */ = {isa = PBXBuildFile; fileRef = D6104360259B101B0085910C /* ViewController.swift */; };
		D6104364259B101B0085910C /* Main.storyboard in Resources */ = {isa = PBXBuildFile; fileRef = D6104362259B101B0085910C /* Main.storyboard */; };
		D6104366259B101C0085910C /* Assets.xcassets in Resources */ = {isa = PBXBuildFile; fileRef = D6104365259B101C0085910C /* Assets.xcassets */; };
		D6104369259B101C0085910C /* LaunchScreen.storyboard in Resources */ = {isa = PBXBuildFile; fileRef = D6104367259B101C0085910C /* LaunchScreen.storyboard */; };
		D6104378259B106F0085910C /* WidgetKit.framework in Frameworks */ = {isa = PBXBuildFile; fileRef = D6104377259B106F0085910C /* WidgetKit.framework */; };
		D610437A259B106F0085910C /* SwiftUI.framework in Frameworks */ = {isa = PBXBuildFile; fileRef = D6104379259B106F0085910C /* SwiftUI.framework */; };
		D610437D259B106F0085910C /* My_Widget.swift in Sources */ = {isa = PBXBuildFile; fileRef = D610437C259B106F0085910C /* My_Widget.swift */; };
		D6104380259B10700085910C /* Assets.xcassets in Resources */ = {isa = PBXBuildFile; fileRef = D610437F259B10700085910C /* Assets.xcassets */; };
		D6104382259B10700085910C /* My_Widget.intentdefinition in Sources */ = {isa = PBXBuildFile; fileRef = D610437E259B106F0085910C /* My_Widget.intentdefinition */; };
		D6104383259B10700085910C /* My_Widget.intentdefinition in Sources */ = {isa = PBXBuildFile; fileRef = D610437E259B106F0085910C /* My_Widget.intentdefinition */; };
		D6104386259B10700085910C /* My WidgetExtension.appex in Embed App Extensions */ = {isa = PBXBuildFile; fileRef = D6104375259B106F0085910C /* My WidgetExtension.appex */; settings = {ATTRIBUTES = (RemoveHeadersOnCopy, ); }; };
/* End PBXBuildFile section */

/* Begin PBXContainerItemProxy section */
		D6104384259B10700085910C /* PBXContainerItemProxy */ = {
			isa = PBXContainerItemProxy;
			containerPortal = D6104351259B101B0085910C /* Project object */;
			proxyType = 1;
			remoteGlobalIDString = D6104374259B106F0085910C;
			remoteInfo = "My WidgetExtension";
		};
/* End PBXContainerItemProxy section */

/* Begin PBXCopyFilesBuildPhase section */
		D610438A259B10700085910C /* Embed App Extensions */ = {
			isa = PBXCopyFilesBuildPhase;
			buildActionMask = 2147483647;
			dstPath = "";
			dstSubfolderSpec = 13;
			files = (
				D6104386259B10700085910C /* My WidgetExtension.appex in Embed App Extensions */,
			);
			name = "Embed App Extensions";
			runOnlyForDeploymentPostprocessing = 0;
		};
/* End PBXCopyFilesBuildPhase section */

/* Begin PBXFileReference section */
		D6104359259B101B0085910C /* WidgetsExample.app */ = {isa = PBXFileReference; explicitFileType = wrapper.application; includeInIndex = 0; path = WidgetsExample.app; sourceTree = BUILT_PRODUCTS_DIR; };
		D610435C259B101B0085910C /* AppDelegate.swift */ = {isa = PBXFileReference; lastKnownFileType = sourcecode.swift; path = AppDelegate.swift; sourceTree = "<group>"; };
		D610435E259B101B0085910C /* SceneDelegate.swift */ = {isa = PBXFileReference; lastKnownFileType = sourcecode.swift; path = SceneDelegate.swift; sourceTree = "<group>"; };
		D6104360259B101B0085910C /* ViewController.swift */ = {isa = PBXFileReference; lastKnownFileType = sourcecode.swift; path = ViewController.swift; sourceTree = "<group>"; };
		D6104363259B101B0085910C /* Base */ = {isa = PBXFileReference; lastKnownFileType = file.storyboard; name = Base; path = Base.lproj/Main.storyboard; sourceTree = "<group>"; };
		D6104365259B101C0085910C /* Assets.xcassets */ = {isa = PBXFileReference; lastKnownFileType = folder.assetcatalog; path = Assets.xcassets; sourceTree = "<group>"; };
		D6104368259B101C0085910C /* Base */ = {isa = PBXFileReference; lastKnownFileType = file.storyboard; name = Base; path = Base.lproj/LaunchScreen.storyboard; sourceTree = "<group>"; };
		D610436A259B101C0085910C /* Info.plist */ = {isa = PBXFileReference; lastKnownFileType = text.plist.xml; path = Info.plist; sourceTree = "<group>"; };
		D6104375259B106F0085910C /* My WidgetExtension.appex */ = {isa = PBXFileReference; explicitFileType = "wrapper.app-extension"; includeInIndex = 0; path = "My WidgetExtension.appex"; sourceTree = BUILT_PRODUCTS_DIR; };
		D6104377259B106F0085910C /* WidgetKit.framework */ = {isa = PBXFileReference; lastKnownFileType = wrapper.framework; name = WidgetKit.framework; path = System/Library/Frameworks/WidgetKit.framework; sourceTree = SDKROOT; };
		D6104379259B106F0085910C /* SwiftUI.framework */ = {isa = PBXFileReference; lastKnownFileType = wrapper.framework; name = SwiftUI.framework; path = System/Library/Frameworks/SwiftUI.framework; sourceTree = SDKROOT; };
		D610437C259B106F0085910C /* My_Widget.swift */ = {isa = PBXFileReference; lastKnownFileType = sourcecode.swift; path = My_Widget.swift; sourceTree = "<group>"; };
		D610437E259B106F0085910C /* My_Widget.intentdefinition */ = {isa = PBXFileReference; lastKnownFileType = file.intentdefinition; path = My_Widget.intentdefinition; sourceTree = "<group>"; };
		D610437F259B10700085910C /* Assets.xcassets */ = {isa = PBXFileReference; lastKnownFileType = folder.assetcatalog; path = Assets.xcassets; sourceTree = "<group>"; };
		D6104381259B10700085910C /* Info.plist */ = {isa = PBXFileReference; lastKnownFileType = text.plist.xml; path = Info.plist; sourceTree = "<group>"; };
		D610438D259B17CE0085910C /* My WidgetExtension.entitlements */ = {isa = PBXFileReference; lastKnownFileType = text.plist.entitlements; path = "My WidgetExtension.entitlements"; sourceTree = "<group>"; };
		D6104390259B18710085910C /* WidgetsExample.entitlements */ = {isa = PBXFileReference; lastKnownFileType = text.plist.entitlements; path = WidgetsExample.entitlements; sourceTree = "<group>"; };
		D6104395259B19390085910C /* WidgetsExampleDebug.entitlements */ = {isa = PBXFileReference; lastKnownFileType = text.plist.entitlements; path = WidgetsExampleDebug.entitlements; sourceTree = "<group>"; };
/* End PBXFileReference section */

/* Begin PBXFrameworksBuildPhase section */
		D6104356259B101B0085910C /* Frameworks */ = {
			isa = PBXFrameworksBuildPhase;
			buildActionMask = 2147483647;
			files = (
			);
			runOnlyForDeploymentPostprocessing = 0;
		};
		D6104372259B106F0085910C /* Frameworks */ = {
			isa = PBXFrameworksBuildPhase;
			buildActionMask = 2147483647;
			files = (
				D610437A259B106F0085910C /* SwiftUI.framework in Frameworks */,
				D6104378259B106F0085910C /* WidgetKit.framework in Frameworks */,
			);
			runOnlyForDeploymentPostprocessing = 0;
		};
/* End PBXFrameworksBuildPhase section */

/* Begin PBXGroup section */
		D6104350259B101B0085910C = {
			isa = PBXGroup;
			children = (
				D610438D259B17CE0085910C /* My WidgetExtension.entitlements */,
				D610435B259B101B0085910C /* WidgetsExample */,
				D610437B259B106F0085910C /* My Widget */,
				D6104376259B106F0085910C /* Frameworks */,
				D610435A259B101B0085910C /* Products */,
			);
			sourceTree = "<group>";
		};
		D610435A259B101B0085910C /* Products */ = {
			isa = PBXGroup;
			children = (
				D6104359259B101B0085910C /* WidgetsExample.app */,
				D6104375259B106F0085910C /* My WidgetExtension.appex */,
			);
			name = Products;
			sourceTree = "<group>";
		};
		D610435B259B101B0085910C /* WidgetsExample */ = {
			isa = PBXGroup;
			children = (
				D6104395259B19390085910C /* WidgetsExampleDebug.entitlements */,
				D6104390259B18710085910C /* WidgetsExample.entitlements */,
				D610435C259B101B0085910C /* AppDelegate.swift */,
				D610435E259B101B0085910C /* SceneDelegate.swift */,
				D6104360259B101B0085910C /* ViewController.swift */,
				D6104362259B101B0085910C /* Main.storyboard */,
				D6104365259B101C0085910C /* Assets.xcassets */,
				D6104367259B101C0085910C /* LaunchScreen.storyboard */,
				D610436A259B101C0085910C /* Info.plist */,
			);
			path = WidgetsExample;
			sourceTree = "<group>";
		};
		D6104376259B106F0085910C /* Frameworks */ = {
			isa = PBXGroup;
			children = (
				D6104377259B106F0085910C /* WidgetKit.framework */,
				D6104379259B106F0085910C /* SwiftUI.framework */,
			);
			name = Frameworks;
			sourceTree = "<group>";
		};
		D610437B259B106F0085910C /* My Widget */ = {
			isa = PBXGroup;
			children = (
				D610437C259B106F0085910C /* My_Widget.swift */,
				D610437E259B106F0085910C /* My_Widget.intentdefinition */,
				D610437F259B10700085910C /* Assets.xcassets */,
				D6104381259B10700085910C /* Info.plist */,
			);
			path = "My Widget";
			sourceTree = "<group>";
		};
/* End PBXGroup section */

/* Begin PBXNativeTarget section */
		D6104358259B101B0085910C /* WidgetsExample */ = {
			isa = PBXNativeTarget;
			buildConfigurationList = D610436D259B101C0085910C /* Build configuration list for PBXNativeTarget "WidgetsExample" */;
			buildPhases = (
				D6104355259B101B0085910C /* Sources */,
				D6104356259B101B0085910C /* Frameworks */,
				D6104357259B101B0085910C /* Resources */,
				D610438A259B10700085910C /* Embed App Extensions */,
			);
			buildRules = (
			);
			dependencies = (
				D6104385259B10700085910C /* PBXTargetDependency */,
			);
			name = WidgetsExample;
			productName = WidgetsExample;
			productReference = D6104359259B101B0085910C /* WidgetsExample.app */;
			productType = "com.apple.product-type.application";
		};
		D6104374259B106F0085910C /* My WidgetExtension */ = {
			isa = PBXNativeTarget;
			buildConfigurationList = D6104387259B10700085910C /* Build configuration list for PBXNativeTarget "My WidgetExtension" */;
			buildPhases = (
				D6104371259B106F0085910C /* Sources */,
				D6104372259B106F0085910C /* Frameworks */,
				D6104373259B106F0085910C /* Resources */,
			);
			buildRules = (
			);
			dependencies = (
			);
			name = "My WidgetExtension";
			productName = "My WidgetExtension";
			productReference = D6104375259B106F0085910C /* My WidgetExtension.appex */;
			productType = "com.apple.product-type.app-extension";
		};
/* End PBXNativeTarget section */

/* Begin PBXProject section */
		D6104351259B101B0085910C /* Project object */ = {
			isa = PBXProject;
			attributes = {
				LastSwiftUpdateCheck = 1230;
				LastUpgradeCheck = 1230;
				TargetAttributes = {
					D6104358259B101B0085910C = {
						CreatedOnToolsVersion = 12.3;
					};
					D6104374259B106F0085910C = {
						CreatedOnToolsVersion = 12.3;
					};
				};
			};
			buildConfigurationList = D6104354259B101B0085910C /* Build configuration list for PBXProject "WidgetsExample" */;
			compatibilityVersion = "Xcode 9.3";
			developmentRegion = en;
			hasScannedForEncodings = 0;
			knownRegions = (
				en,
				Base,
			);
			mainGroup = D6104350259B101B0085910C;
			productRefGroup = D610435A259B101B0085910C /* Products */;
			projectDirPath = "";
			projectRoot = "";
			targets = (
				D6104358259B101B0085910C /* WidgetsExample */,
				D6104374259B106F0085910C /* My WidgetExtension */,
			);
		};
/* End PBXProject section */

/* Begin PBXResourcesBuildPhase section */
		D6104357259B101B0085910C /* Resources */ = {
			isa = PBXResourcesBuildPhase;
			buildActionMask = 2147483647;
			files = (
				D6104369259B101C0085910C /* LaunchScreen.storyboard in Resources */,
				D6104366259B101C0085910C /* Assets.xcassets in Resources */,
				D6104364259B101B0085910C /* Main.storyboard in Resources */,
			);
			runOnlyForDeploymentPostprocessing = 0;
		};
		D6104373259B106F0085910C /* Resources */ = {
			isa = PBXResourcesBuildPhase;
			buildActionMask = 2147483647;
			files = (
				D6104380259B10700085910C /* Assets.xcassets in Resources */,
			);
			runOnlyForDeploymentPostprocessing = 0;
		};
/* End PBXResourcesBuildPhase section */

/* Begin PBXSourcesBuildPhase section */
		D6104355259B101B0085910C /* Sources */ = {
			isa = PBXSourcesBuildPhase;
			buildActionMask = 2147483647;
			files = (
				D6104383259B10700085910C /* My_Widget.intentdefinition in Sources */,
				D6104361259B101B0085910C /* ViewController.swift in Sources */,
				D610435D259B101B0085910C /* AppDelegate.swift in Sources */,
				D610435F259B101B0085910C /* SceneDelegate.swift in Sources */,
			);
			runOnlyForDeploymentPostprocessing = 0;
		};
		D6104371259B106F0085910C /* Sources */ = {
			isa = PBXSourcesBuildPhase;
			buildActionMask = 2147483647;
			files = (
				D6104382259B10700085910C /* My_Widget.intentdefinition in Sources */,
				D610437D259B106F0085910C /* My_Widget.swift in Sources */,
			);
			runOnlyForDeploymentPostprocessing = 0;
		};
/* End PBXSourcesBuildPhase section */

/* Begin PBXTargetDependency section */
		D6104385259B10700085910C /* PBXTargetDependency */ = {
			isa = PBXTargetDependency;
			target = D6104374259B106F0085910C /* My WidgetExtension */;
			targetProxy = D6104384259B10700085910C /* PBXContainerItemProxy */;
		};
/* End PBXTargetDependency section */

/* Begin PBXVariantGroup section */
		D6104362259B101B0085910C /* Main.storyboard */ = {
			isa = PBXVariantGroup;
			children = (
				D6104363259B101B0085910C /* Base */,
			);
			name = Main.storyboard;
			sourceTree = "<group>";
		};
		D6104367259B101C0085910C /* LaunchScreen.storyboard */ = {
			isa = PBXVariantGroup;
			children = (
				D6104368259B101C0085910C /* Base */,
			);
			name = LaunchScreen.storyboard;
			sourceTree = "<group>";
		};
/* End PBXVariantGroup section */

/* Begin XCBuildConfiguration section */
		D610436B259B101C0085910C /* Debug */ = {
			isa = XCBuildConfiguration;
			buildSettings = {
				ALWAYS_SEARCH_USER_PATHS = NO;
				CLANG_ANALYZER_NONNULL = YES;
				CLANG_ANALYZER_NUMBER_OBJECT_CONVERSION = YES_AGGRESSIVE;
				CLANG_CXX_LANGUAGE_STANDARD = "gnu++14";
				CLANG_CXX_LIBRARY = "libc++";
				CLANG_ENABLE_MODULES = YES;
				CLANG_ENABLE_OBJC_ARC = YES;
				CLANG_ENABLE_OBJC_WEAK = YES;
				CLANG_WARN_BLOCK_CAPTURE_AUTORELEASING = YES;
				CLANG_WARN_BOOL_CONVERSION = YES;
				CLANG_WARN_COMMA = YES;
				CLANG_WARN_CONSTANT_CONVERSION = YES;
				CLANG_WARN_DEPRECATED_OBJC_IMPLEMENTATIONS = YES;
				CLANG_WARN_DIRECT_OBJC_ISA_USAGE = YES_ERROR;
				CLANG_WARN_DOCUMENTATION_COMMENTS = YES;
				CLANG_WARN_EMPTY_BODY = YES;
				CLANG_WARN_ENUM_CONVERSION = YES;
				CLANG_WARN_INFINITE_RECURSION = YES;
				CLANG_WARN_INT_CONVERSION = YES;
				CLANG_WARN_NON_LITERAL_NULL_CONVERSION = YES;
				CLANG_WARN_OBJC_IMPLICIT_RETAIN_SELF = YES;
				CLANG_WARN_OBJC_LITERAL_CONVERSION = YES;
				CLANG_WARN_OBJC_ROOT_CLASS = YES_ERROR;
				CLANG_WARN_QUOTED_INCLUDE_IN_FRAMEWORK_HEADER = YES;
				CLANG_WARN_RANGE_LOOP_ANALYSIS = YES;
				CLANG_WARN_STRICT_PROTOTYPES = YES;
				CLANG_WARN_SUSPICIOUS_MOVE = YES;
				CLANG_WARN_UNGUARDED_AVAILABILITY = YES_AGGRESSIVE;
				CLANG_WARN_UNREACHABLE_CODE = YES;
				CLANG_WARN__DUPLICATE_METHOD_MATCH = YES;
				COPY_PHASE_STRIP = NO;
				DEBUG_INFORMATION_FORMAT = dwarf;
				ENABLE_STRICT_OBJC_MSGSEND = YES;
				ENABLE_TESTABILITY = YES;
				GCC_C_LANGUAGE_STANDARD = gnu11;
				GCC_DYNAMIC_NO_PIC = NO;
				GCC_NO_COMMON_BLOCKS = YES;
				GCC_OPTIMIZATION_LEVEL = 0;
				GCC_PREPROCESSOR_DEFINITIONS = (
					"DEBUG=1",
					"$(inherited)",
				);
				GCC_WARN_64_TO_32_BIT_CONVERSION = YES;
				GCC_WARN_ABOUT_RETURN_TYPE = YES_ERROR;
				GCC_WARN_UNDECLARED_SELECTOR = YES;
				GCC_WARN_UNINITIALIZED_AUTOS = YES_AGGRESSIVE;
				GCC_WARN_UNUSED_FUNCTION = YES;
				GCC_WARN_UNUSED_VARIABLE = YES;
				IPHONEOS_DEPLOYMENT_TARGET = 14.3;
				MTL_ENABLE_DEBUG_INFO = INCLUDE_SOURCE;
				MTL_FAST_MATH = YES;
				ONLY_ACTIVE_ARCH = YES;
				SDKROOT = iphoneos;
				SWIFT_ACTIVE_COMPILATION_CONDITIONS = DEBUG;
				SWIFT_OPTIMIZATION_LEVEL = "-Onone";
			};
			name = Debug;
		};
		D610436C259B101C0085910C /* Release */ = {
			isa = XCBuildConfiguration;
			buildSettings = {
				ALWAYS_SEARCH_USER_PATHS = NO;
				CLANG_ANALYZER_NONNULL = YES;
				CLANG_ANALYZER_NUMBER_OBJECT_CONVERSION = YES_AGGRESSIVE;
				CLANG_CXX_LANGUAGE_STANDARD = "gnu++14";
				CLANG_CXX_LIBRARY = "libc++";
				CLANG_ENABLE_MODULES = YES;
				CLANG_ENABLE_OBJC_ARC = YES;
				CLANG_ENABLE_OBJC_WEAK = YES;
				CLANG_WARN_BLOCK_CAPTURE_AUTORELEASING = YES;
				CLANG_WARN_BOOL_CONVERSION = YES;
				CLANG_WARN_COMMA = YES;
				CLANG_WARN_CONSTANT_CONVERSION = YES;
				CLANG_WARN_DEPRECATED_OBJC_IMPLEMENTATIONS = YES;
				CLANG_WARN_DIRECT_OBJC_ISA_USAGE = YES_ERROR;
				CLANG_WARN_DOCUMENTATION_COMMENTS = YES;
				CLANG_WARN_EMPTY_BODY = YES;
				CLANG_WARN_ENUM_CONVERSION = YES;
				CLANG_WARN_INFINITE_RECURSION = YES;
				CLANG_WARN_INT_CONVERSION = YES;
				CLANG_WARN_NON_LITERAL_NULL_CONVERSION = YES;
				CLANG_WARN_OBJC_IMPLICIT_RETAIN_SELF = YES;
				CLANG_WARN_OBJC_LITERAL_CONVERSION = YES;
				CLANG_WARN_OBJC_ROOT_CLASS = YES_ERROR;
				CLANG_WARN_QUOTED_INCLUDE_IN_FRAMEWORK_HEADER = YES;
				CLANG_WARN_RANGE_LOOP_ANALYSIS = YES;
				CLANG_WARN_STRICT_PROTOTYPES = YES;
				CLANG_WARN_SUSPICIOUS_MOVE = YES;
				CLANG_WARN_UNGUARDED_AVAILABILITY = YES_AGGRESSIVE;
				CLANG_WARN_UNREACHABLE_CODE = YES;
				CLANG_WARN__DUPLICATE_METHOD_MATCH = YES;
				COPY_PHASE_STRIP = NO;
				DEBUG_INFORMATION_FORMAT = "dwarf-with-dsym";
				ENABLE_NS_ASSERTIONS = NO;
				ENABLE_STRICT_OBJC_MSGSEND = YES;
				GCC_C_LANGUAGE_STANDARD = gnu11;
				GCC_NO_COMMON_BLOCKS = YES;
				GCC_WARN_64_TO_32_BIT_CONVERSION = YES;
				GCC_WARN_ABOUT_RETURN_TYPE = YES_ERROR;
				GCC_WARN_UNDECLARED_SELECTOR = YES;
				GCC_WARN_UNINITIALIZED_AUTOS = YES_AGGRESSIVE;
				GCC_WARN_UNUSED_FUNCTION = YES;
				GCC_WARN_UNUSED_VARIABLE = YES;
				IPHONEOS_DEPLOYMENT_TARGET = 14.3;
				MTL_ENABLE_DEBUG_INFO = NO;
				MTL_FAST_MATH = YES;
				SDKROOT = iphoneos;
				SWIFT_COMPILATION_MODE = wholemodule;
				SWIFT_OPTIMIZATION_LEVEL = "-O";
				VALIDATE_PRODUCT = YES;
			};
			name = Release;
		};
		D610436E259B101C0085910C /* Debug */ = {
			isa = XCBuildConfiguration;
			buildSettings = {
				ALWAYS_EMBED_SWIFT_STANDARD_LIBRARIES = YES;
				ASSETCATALOG_COMPILER_APPICON_NAME = AppIcon;
				ASSETCATALOG_COMPILER_GLOBAL_ACCENT_COLOR_NAME = AccentColor;
				CODE_SIGN_ENTITLEMENTS = WidgetsExample/WidgetsExampleDebug.entitlements;
				CODE_SIGN_STYLE = Automatic;
				DEVELOPMENT_TEAM = ND38VD9UA2;
				INFOPLIST_FILE = WidgetsExample/Info.plist;
				LD_RUNPATH_SEARCH_PATHS = (
					"$(inherited)",
					"@executable_path/Frameworks",
				);
				PRODUCT_BUNDLE_IDENTIFIER = com.ngodangtan.WidgetsExample;
				PRODUCT_NAME = "$(TARGET_NAME)";
				SWIFT_VERSION = 5.0;
				TARGETED_DEVICE_FAMILY = "1,2";
			};
			name = Debug;
		};
		D610436F259B101C0085910C /* Release */ = {
			isa = XCBuildConfiguration;
			buildSettings = {
				ALWAYS_EMBED_SWIFT_STANDARD_LIBRARIES = YES;
				ASSETCATALOG_COMPILER_APPICON_NAME = AppIcon;
				ASSETCATALOG_COMPILER_GLOBAL_ACCENT_COLOR_NAME = AccentColor;
				CODE_SIGN_ENTITLEMENTS = WidgetsExample/WidgetsExample.entitlements;
				CODE_SIGN_STYLE = Automatic;
				DEVELOPMENT_TEAM = ND38VD9UA2;
				INFOPLIST_FILE = WidgetsExample/Info.plist;
				LD_RUNPATH_SEARCH_PATHS = (
					"$(inherited)",
					"@executable_path/Frameworks",
				);
				PRODUCT_BUNDLE_IDENTIFIER = com.ngodangtan.WidgetsExample;
				PRODUCT_NAME = "$(TARGET_NAME)";
				SWIFT_VERSION = 5.0;
				TARGETED_DEVICE_FAMILY = "1,2";
			};
			name = Release;
		};
		D6104388259B10700085910C /* Debug */ = {
			isa = XCBuildConfiguration;
			buildSettings = {
				ASSETCATALOG_COMPILER_GLOBAL_ACCENT_COLOR_NAME = AccentColor;
				ASSETCATALOG_COMPILER_WIDGET_BACKGROUND_COLOR_NAME = WidgetBackground;
				CODE_SIGN_ENTITLEMENTS = "My WidgetExtension.entitlements";
				CODE_SIGN_STYLE = Automatic;
				DEVELOPMENT_TEAM = ND38VD9UA2;
				INFOPLIST_FILE = "My Widget/Info.plist";
				LD_RUNPATH_SEARCH_PATHS = (
					"$(inherited)",
					"@executable_path/Frameworks",
					"@executable_path/../../Frameworks",
				);
				PRODUCT_BUNDLE_IDENTIFIER = "com.ngodangtan.WidgetsExample.My-Widget";
				PRODUCT_NAME = "$(TARGET_NAME)";
				SKIP_INSTALL = YES;
				SWIFT_VERSION = 5.0;
				TARGETED_DEVICE_FAMILY = "1,2";
			};
			name = Debug;
		};
		D6104389259B10700085910C /* Release */ = {
			isa = XCBuildConfiguration;
			buildSettings = {
				ASSETCATALOG_COMPILER_GLOBAL_ACCENT_COLOR_NAME = AccentColor;
				ASSETCATALOG_COMPILER_WIDGET_BACKGROUND_COLOR_NAME = WidgetBackground;
				CODE_SIGN_ENTITLEMENTS = "My WidgetExtension.entitlements";
				CODE_SIGN_STYLE = Automatic;
				DEVELOPMENT_TEAM = ND38VD9UA2;
				INFOPLIST_FILE = "My Widget/Info.plist";
				LD_RUNPATH_SEARCH_PATHS = (
					"$(inherited)",
					"@executable_path/Frameworks",
					"@executable_path/../../Frameworks",
				);
				PRODUCT_BUNDLE_IDENTIFIER = "com.ngodangtan.WidgetsExample.My-Widget";
				PRODUCT_NAME = "$(TARGET_NAME)";
				SKIP_INSTALL = YES;
				SWIFT_VERSION = 5.0;
				TARGETED_DEVICE_FAMILY = "1,2";
			};
			name = Release;
		};
/* End XCBuildConfiguration section */

/* Begin XCConfigurationList section */
		D6104354259B101B0085910C /* Build configuration list for PBXProject "WidgetsExample" */ = {
			isa = XCConfigurationList;
			buildConfigurations = (
				D610436B259B101C0085910C /* Debug */,
				D610436C259B101C0085910C /* Release */,
			);
			defaultConfigurationIsVisible = 0;
			defaultConfigurationName = Release;
		};
		D610436D259B101C0085910C /* Build configuration list for PBXNativeTarget "WidgetsExample" */ = {
			isa = XCConfigurationList;
			buildConfigurations = (
				D610436E259B101C0085910C /* Debug */,
				D610436F259B101C0085910C /* Release */,
			);
			defaultConfigurationIsVisible = 0;
			defaultConfigurationName = Release;
		};
		D6104387259B10700085910C /* Build configuration list for PBXNativeTarget "My WidgetExtension" */ = {
			isa = XCConfigurationList;
			buildConfigurations = (
				D6104388259B10700085910C /* Debug */,
				D6104389259B10700085910C /* Release */,
			);
			defaultConfigurationIsVisible = 0;
			defaultConfigurationName = Release;
		};
/* End XCConfigurationList section */
	};
	rootObject = D6104351259B101B0085910C /* Project object */;
}
